
Microsoft Visual Studio Solution File, Format Version 12.00
# Visual Studio Version 17
VisualStudioVersion = 17.7.34202.233
MinimumVisualStudioVersion = 10.0.40219.1
Project("{2150E333-8FDC-42A3-9474-1A3956D46DE8}") = "Session2", "Session2", "{1965B538-66E4-4802-A731-64D85184F7A2}"
EndProject
Project("{2150E333-8FDC-42A3-9474-1A3956D46DE8}") = "Session3", "Session3", "{A633DF29-E61C-4104-818A-C18A2247017D}"
EndProject
Project("{2150E333-8FDC-42A3-9474-1A3956D46DE8}") = "Session4", "Session4", "{84B6462C-A85B-4545-9E31-CDA62B131372}"
EndProject
Project("{FAE04EC0-301F-11D3-BF4B-00C04F79EFBC}") = "WebApiMinimalApi", "WebApiMinimalApi\WebApiMinimalApi.csproj", "{3F286226-DA56-4DA5-B877-33B344EC83F5}"
EndProject
Project("{FAE04EC0-301F-11D3-BF4B-00C04F79EFBC}") = "HttpListener", "HttpListener\HttpListener.csproj", "{CD97CB54-7280-48AD-ABBA-48CC696925C5}"
EndProject
Project("{FAE04EC0-301F-11D3-BF4B-00C04F79EFBC}") = "WebAPI", "WebAPI\WebAPI.csproj", "{072053BE-1795-4DA0-9B6C-23E839BDFD67}"
EndProject
Global
	GlobalSection(SolutionConfigurationPlatforms) = preSolution
		Debug|Any CPU = Debug|Any CPU
		Release|Any CPU = Release|Any CPU
	EndGlobalSection
	GlobalSection(ProjectConfigurationPlatforms) = postSolution
		{3F286226-DA56-4DA5-B877-33B344EC83F5}.Debug|Any CPU.ActiveCfg = Debug|Any CPU
		{3F286226-DA56-4DA5-B877-33B344EC83F5}.Debug|Any CPU.Build.0 = Debug|Any CPU
		{3F286226-DA56-4DA5-B877-33B344EC83F5}.Release|Any CPU.ActiveCfg = Release|Any CPU
		{3F286226-DA56-4DA5-B877-33B344EC83F5}.Release|Any CPU.Build.0 = Release|Any CPU
		{CD97CB54-7280-48AD-ABBA-48CC696925C5}.Debug|Any CPU.ActiveCfg = Debug|Any CPU
		{CD97CB54-7280-48AD-ABBA-48CC696925C5}.Debug|Any CPU.Build.0 = Debug|Any CPU
		{CD97CB54-7280-48AD-ABBA-48CC696925C5}.Release|Any CPU.ActiveCfg = Release|Any CPU
		{CD97CB54-7280-48AD-ABBA-48CC696925C5}.Release|Any CPU.Build.0 = Release|Any CPU
		{072053BE-1795-4DA0-9B6C-23E839BDFD67}.Debug|Any CPU.ActiveCfg = Debug|Any CPU
		{072053BE-1795-4DA0-9B6C-23E839BDFD67}.Debug|Any CPU.Build.0 = Debug|Any CPU
		{072053BE-1795-4DA0-9B6C-23E839BDFD67}.Release|Any CPU.ActiveCfg = Release|Any CPU
		{072053BE-1795-4DA0-9B6C-23E839BDFD67}.Release|Any CPU.Build.0 = Release|Any CPU
	EndGlobalSection
	GlobalSection(SolutionProperties) = preSolution
		HideSolutionNode = FALSE
	EndGlobalSection
	GlobalSection(NestedProjects) = preSolution
		{3F286226-DA56-4DA5-B877-33B344EC83F5} = {1965B538-66E4-4802-A731-64D85184F7A2}
		{CD97CB54-7280-48AD-ABBA-48CC696925C5} = {1965B538-66E4-4802-A731-64D85184F7A2}
		{072053BE-1795-4DA0-9B6C-23E839BDFD67} = {1965B538-66E4-4802-A731-64D85184F7A2}
	EndGlobalSection
	GlobalSection(ExtensibilityGlobals) = postSolution
		SolutionGuid = {1EE496D7-83CE-4E1D-8611-A82B61EB97EA}
	EndGlobalSection
EndGlobal
